
Microsoft Visual Studio Solution File, Format Version 12.00
# Visual Studio 15
VisualStudioVersion = 15.0.28010.2019
MinimumVisualStudioVersion = 10.0.40219.1
Project("{8BC9CEB8-8B4A-11D0-8D11-00A0C91BC942}") = "PE047", "PE047\PE047.vcxproj", "{459B33D9-FDFE-4789-96F9-B4FD81EBB337}"
EndProject
Global
	GlobalSection(SolutionConfigurationPlatforms) = preSolution
		Debug|x64 = Debug|x64
		Debug|x86 = Debug|x86
		Release|x64 = Release|x64
		Release|x86 = Release|x86
	EndGlobalSection
	GlobalSection(ProjectConfigurationPlatforms) = postSolution
		{459B33D9-FDFE-4789-96F9-B4FD81EBB337}.Debug|x64.ActiveCfg = Debug|x64
		{459B33D9-FDFE-4789-96F9-B4FD81EBB337}.Debug|x64.Build.0 = Debug|x64
		{459B33D9-FDFE-4789-96F9-B4FD81EBB337}.Debug|x86.ActiveCfg = Debug|Win32
		{459B33D9-FDFE-4789-96F9-B4FD81EBB337}.Debug|x86.Build.0 = Debug|Win32
		{459B33D9-FDFE-4789-96F9-B4FD81EBB337}.Release|x64.ActiveCfg = Release|x64
		{459B33D9-FDFE-4789-96F9-B4FD81EBB337}.Release|x64.Build.0 = Release|x64
		{459B33D9-FDFE-4789-96F9-B4FD81EBB337}.Release|x86.ActiveCfg = Release|Win32
		{459B33D9-FDFE-4789-96F9-B4FD81EBB337}.Release|x86.Build.0 = Release|Win32
	EndGlobalSection
	GlobalSection(SolutionProperties) = preSolution
		HideSolutionNode = FALSE
	EndGlobalSection
	GlobalSection(ExtensibilityGlobals) = postSolution
		SolutionGuid = {01C0C16C-FC49-4B40-99F5-CE65C19883AD}
	EndGlobalSection
EndGlobal
